
Microsoft Visual Studio Solution File, Format Version 12.00
# Visual Studio Version 17
VisualStudioVersion = 17.11.35222.181
MinimumVisualStudioVersion = 10.0.40219.1
Project("{FAE04EC0-301F-11D3-BF4B-00C04F79EFBC}") = "Душные субботние задания", "Душные субботние задания\Душные субботние задания.csproj", "{1F0759F4-970C-4AAA-9BF6-863611C403DC}"
EndProject
Global
	GlobalSection(SolutionConfigurationPlatforms) = preSolution
		Debug|Any CPU = Debug|Any CPU
		Release|Any CPU = Release|Any CPU
	EndGlobalSection
	GlobalSection(ProjectConfigurationPlatforms) = postSolution
		{1F0759F4-970C-4AAA-9BF6-863611C403DC}.Debug|Any CPU.ActiveCfg = Debug|Any CPU
		{1F0759F4-970C-4AAA-9BF6-863611C403DC}.Debug|Any CPU.Build.0 = Debug|Any CPU
		{1F0759F4-970C-4AAA-9BF6-863611C403DC}.Release|Any CPU.ActiveCfg = Release|Any CPU
		{1F0759F4-970C-4AAA-9BF6-863611C403DC}.Release|Any CPU.Build.0 = Release|Any CPU
	EndGlobalSection
	GlobalSection(SolutionProperties) = preSolution
		HideSolutionNode = FALSE
	EndGlobalSection
	GlobalSection(ExtensibilityGlobals) = postSolution
		SolutionGuid = {75425A61-ADD4-4BCB-9C0F-DDA891FB3C01}
	EndGlobalSection
EndGlobal
